// !$*UTF8*$!
{
	archiveVersion = 1;
	classes = {
	};
	objectVersion = 77;
	objects = {

/* Begin PBXContainerItemProxy section */
		3C2F6B112EB3EA0A001C2DD7 /* PBXContainerItemProxy */ = {
			isa = PBXContainerItemProxy;
			containerPortal = 3C2F6AFA2EB3EA09001C2DD7 /* Project object */;
			proxyType = 1;
			remoteGlobalIDString = 3C2F6B012EB3EA09001C2DD7;
			remoteInfo = Omni;
		};
		3C2F6B1B2EB3EA0A001C2DD7 /* PBXContainerItemProxy */ = {
			isa = PBXContainerItemProxy;
			containerPortal = 3C2F6AFA2EB3EA09001C2DD7 /* Project object */;
			proxyType = 1;
			remoteGlobalIDString = 3C2F6B012EB3EA09001C2DD7;
			remoteInfo = Omni;
		};
/* End PBXContainerItemProxy section */

/* Begin PBXFileReference section */
		3C2F6B022EB3EA09001C2DD7 /* Omni.app */ = {isa = PBXFileReference; explicitFileType = wrapper.application; includeInIndex = 0; path = Omni.app; sourceTree = BUILT_PRODUCTS_DIR; };
		3C2F6B102EB3EA0A001C2DD7 /* OmniTests.xctest */ = {isa = PBXFileReference; explicitFileType = wrapper.cfbundle; includeInIndex = 0; path = OmniTests.xctest; sourceTree = BUILT_PRODUCTS_DIR; };
		3C2F6B1A2EB3EA0A001C2DD7 /* OmniUITests.xctest */ = {isa = PBXFileReference; explicitFileType = wrapper.cfbundle; includeInIndex = 0; path = OmniUITests.xctest; sourceTree = BUILT_PRODUCTS_DIR; };
/* End PBXFileReference section */

/* Begin PBXFileSystemSynchronizedRootGroup section */
		3C2F6B042EB3EA09001C2DD7 /* Omni */ = {
			isa = PBXFileSystemSynchronizedRootGroup;
			path = Omni;
			sourceTree = "<group>";
		};
		3C2F6B132EB3EA0A001C2DD7 /* OmniTests */ = {
			isa = PBXFileSystemSynchronizedRootGroup;
			path = OmniTests;
			sourceTree = "<group>";
		};
		3C2F6B1D2EB3EA0A001C2DD7 /* OmniUITests */ = {
			isa = PBXFileSystemSynchronizedRootGroup;
			path = OmniUITests;
			sourceTree = "<group>";
		};
/* End PBXFileSystemSynchronizedRootGroup section */

/* Begin PBXFrameworksBuildPhase section */
		3C2F6AFF2EB3EA09001C2DD7 /* Frameworks */ = {
			isa = PBXFrameworksBuildPhase;
			buildActionMask = 2147483647;
			files = (
			);
			runOnlyForDeploymentPostprocessing = 0;
		};
		3C2F6B0D2EB3EA0A001C2DD7 /* Frameworks */ = {
			isa = PBXFrameworksBuildPhase;
			buildActionMask = 2147483647;
			files = (
			);
			runOnlyForDeploymentPostprocessing = 0;
		};
		3C2F6B172EB3EA0A001C2DD7 /* Frameworks */ = {
			isa = PBXFrameworksBuildPhase;
			buildActionMask = 2147483647;
			files = (
			);
			runOnlyForDeploymentPostprocessing = 0;
		};
/* End PBXFrameworksBuildPhase section */

/* Begin PBXGroup section */
		3C2F6AF92EB3EA09001C2DD7 = {
			isa = PBXGroup;
			children = (
				3C2F6B042EB3EA09001C2DD7 /* Omni */,
				3C2F6B132EB3EA0A001C2DD7 /* OmniTests */,
				3C2F6B1D2EB3EA0A001C2DD7 /* OmniUITests */,
				3C2F6B032EB3EA09001C2DD7 /* Products */,
			);
			sourceTree = "<group>";
		};
		3C2F6B032EB3EA09001C2DD7 /* Products */ = {
			isa = PBXGroup;
			children = (
				3C2F6B022EB3EA09001C2DD7 /* Omni.app */,
				3C2F6B102EB3EA0A001C2DD7 /* OmniTests.xctest */,
				3C2F6B1A2EB3EA0A001C2DD7 /* OmniUITests.xctest */,
			);
			name = Products;
			sourceTree = "<group>";
		};
/* End PBXGroup section */

/* Begin PBXNativeTarget section */
		3C2F6B012EB3EA09001C2DD7 /* Omni */ = {
			isa = PBXNativeTarget;
			buildConfigurationList = 3C2F6B242EB3EA0A001C2DD7 /* Build configuration list for PBXNativeTarget "Omni" */;
			buildPhases = (
				3C2F6AFE2EB3EA09001C2DD7 /* Sources */,
				3C2F6AFF2EB3EA09001C2DD7 /* Frameworks */,
				3C2F6B002EB3EA09001C2DD7 /* Resources */,
			);
			buildRules = (
			);
			dependencies = (
			);
			fileSystemSynchronizedGroups = (
				3C2F6B042EB3EA09001C2DD7 /* Omni */,
			);
			name = Omni;
			packageProductDependencies = (
			);
			productName = Omni;
			productReference = 3C2F6B022EB3EA09001C2DD7 /* Omni.app */;
			productType = "com.apple.product-type.application";
		};
		3C2F6B0F2EB3EA0A001C2DD7 /* OmniTests */ = {
			isa = PBXNativeTarget;
			buildConfigurationList = 3C2F6B272EB3EA0A001C2DD7 /* Build configuration list for PBXNativeTarget "OmniTests" */;
			buildPhases = (
				3C2F6B0C2EB3EA0A001C2DD7 /* Sources */,
				3C2F6B0D2EB3EA0A001C2DD7 /* Frameworks */,
				3C2F6B0E2EB3EA0A001C2DD7 /* Resources */,
			);
			buildRules = (
			);
			dependencies = (
				3C2F6B122EB3EA0A001C2DD7 /* PBXTargetDependency */,
			);
			fileSystemSynchronizedGroups = (
				3C2F6B132EB3EA0A001C2DD7 /* OmniTests */,
			);
			name = OmniTests;
			packageProductDependencies = (
			);
			productName = OmniTests;
			productReference = 3C2F6B102EB3EA0A001C2DD7 /* OmniTests.xctest */;
			productType = "com.apple.product-type.bundle.unit-test";
		};
		3C2F6B192EB3EA0A001C2DD7 /* OmniUITests */ = {
			isa = PBXNativeTarget;
			buildConfigurationList = 3C2F6B2A2EB3EA0A001C2DD7 /* Build configuration list for PBXNativeTarget "OmniUITests" */;
			buildPhases = (
				3C2F6B162EB3EA0A001C2DD7 /* Sources */,
				3C2F6B172EB3EA0A001C2DD7 /* Frameworks */,
				3C2F6B182EB3EA0A001C2DD7 /* Resources */,
			);
			buildRules = (
			);
			dependencies = (
				3C2F6B1C2EB3EA0A001C2DD7 /* PBXTargetDependency */,
			);
			fileSystemSynchronizedGroups = (
				3C2F6B1D2EB3EA0A001C2DD7 /* OmniUITests */,
			);
			name = OmniUITests;
			packageProductDependencies = (
			);
			productName = OmniUITests;
			productReference = 3C2F6B1A2EB3EA0A001C2DD7 /* OmniUITests.xctest */;
			productType = "com.apple.product-type.bundle.ui-testing";
		};
/* End PBXNativeTarget section */

/* Begin PBXProject section */
		3C2F6AFA2EB3EA09001C2DD7 /* Project object */ = {
			isa = PBXProject;
			attributes = {
				BuildIndependentTargetsInParallel = 1;
				LastSwiftUpdateCheck = 1640;
				LastUpgradeCheck = 1640;
				TargetAttributes = {
					3C2F6B012EB3EA09001C2DD7 = {
						CreatedOnToolsVersion = 16.4;
					};
					3C2F6B0F2EB3EA0A001C2DD7 = {
						CreatedOnToolsVersion = 16.4;
						TestTargetID = 3C2F6B012EB3EA09001C2DD7;
					};
					3C2F6B192EB3EA0A001C2DD7 = {
						CreatedOnToolsVersion = 16.4;
						TestTargetID = 3C2F6B012EB3EA09001C2DD7;
					};
				};
			};
			buildConfigurationList = 3C2F6AFD2EB3EA09001C2DD7 /* Build configuration list for PBXProject "Omni" */;
			developmentRegion = en;
			hasScannedForEncodings = 0;
			knownRegions = (
				en,
				Base,
			);
			mainGroup = 3C2F6AF92EB3EA09001C2DD7;
			minimizedProjectReferenceProxies = 1;
			preferredProjectObjectVersion = 77;
			productRefGroup = 3C2F6B032EB3EA09001C2DD7 /* Products */;
			projectDirPath = "";
			projectRoot = "";
			targets = (
				3C2F6B012EB3EA09001C2DD7 /* Omni */,
				3C2F6B0F2EB3EA0A001C2DD7 /* OmniTests */,
				3C2F6B192EB3EA0A001C2DD7 /* OmniUITests */,
			);
		};
/* End PBXProject section */

/* Begin PBXResourcesBuildPhase section */
		3C2F6B002EB3EA09001C2DD7 /* Resources */ = {
			isa = PBXResourcesBuildPhase;
			buildActionMask = 2147483647;
			files = (
			);
			runOnlyForDeploymentPostprocessing = 0;
		};
		3C2F6B0E2EB3EA0A001C2DD7 /* Resources */ = {
			isa = PBXResourcesBuildPhase;
			buildActionMask = 2147483647;
			files = (
			);
			runOnlyForDeploymentPostprocessing = 0;
		};
		3C2F6B182EB3EA0A001C2DD7 /* Resources */ = {
			isa = PBXResourcesBuildPhase;
			buildActionMask = 2147483647;
			files = (
			);
			runOnlyForDeploymentPostprocessing = 0;
		};
/* End PBXResourcesBuildPhase section */

/* Begin PBXSourcesBuildPhase section */
		3C2F6AFE2EB3EA09001C2DD7 /* Sources */ = {
			isa = PBXSourcesBuildPhase;
			buildActionMask = 2147483647;
			files = (
			);
			runOnlyForDeploymentPostprocessing = 0;
		};
		3C2F6B0C2EB3EA0A001C2DD7 /* Sources */ = {
			isa = PBXSourcesBuildPhase;
			buildActionMask = 2147483647;
			files = (
			);
			runOnlyForDeploymentPostprocessing = 0;
		};
		3C2F6B162EB3EA0A001C2DD7 /* Sources */ = {
			isa = PBXSourcesBuildPhase;
			buildActionMask = 2147483647;
			files = (
			);
			runOnlyForDeploymentPostprocessing = 0;
		};
/* End PBXSourcesBuildPhase section */

/* Begin PBXTargetDependency section */
		3C2F6B122EB3EA0A001C2DD7 /* PBXTargetDependency */ = {
			isa = PBXTargetDependency;
			target = 3C2F6B012EB3EA09001C2DD7 /* Omni */;
			targetProxy = 3C2F6B112EB3EA0A001C2DD7 /* PBXContainerItemProxy */;
		};
		3C2F6B1C2EB3EA0A001C2DD7 /* PBXTargetDependency */ = {
			isa = PBXTargetDependency;
			target = 3C2F6B012EB3EA09001C2DD7 /* Omni */;
			targetProxy = 3C2F6B1B2EB3EA0A001C2DD7 /* PBXContainerItemProxy */;
		};
/* End PBXTargetDependency section */

/* Begin XCBuildConfiguration section */
		3C2F6B222EB3EA0A001C2DD7 /* Debug */ = {
			isa = XCBuildConfiguration;
			buildSettings = {
				ALWAYS_SEARCH_USER_PATHS = NO;
				ASSETCATALOG_COMPILER_GENERATE_SWIFT_ASSET_SYMBOL_EXTENSIONS = YES;
				CLANG_ANALYZER_NONNULL = YES;
				CLANG_ANALYZER_NUMBER_OBJECT_CONVERSION = YES_AGGRESSIVE;
				CLANG_CXX_LANGUAGE_STANDARD = "gnu++20";
				CLANG_ENABLE_MODULES = YES;
				CLANG_ENABLE_OBJC_ARC = YES;
				CLANG_ENABLE_OBJC_WEAK = YES;
				CLANG_WARN_BLOCK_CAPTURE_AUTORELEASING = YES;
				CLANG_WARN_BOOL_CONVERSION = YES;
				CLANG_WARN_COMMA = YES;
				CLANG_WARN_CONSTANT_CONVERSION = YES;
				CLANG_WARN_DEPRECATED_OBJC_IMPLEMENTATIONS = YES;
				CLANG_WARN_DIRECT_OBJC_ISA_USAGE = YES_ERROR;
				CLANG_WARN_DOCUMENTATION_COMMENTS = YES;
				CLANG_WARN_EMPTY_BODY = YES;
				CLANG_WARN_ENUM_CONVERSION = YES;
				CLANG_WARN_INFINITE_RECURSION = YES;
				CLANG_WARN_INT_CONVERSION = YES;
				CLANG_WARN_NON_LITERAL_NULL_CONVERSION = YES;
				CLANG_WARN_OBJC_IMPLICIT_RETAIN_SELF = YES;
				CLANG_WARN_OBJC_LITERAL_CONVERSION = YES;
				CLANG_WARN_OBJC_ROOT_CLASS = YES_ERROR;
				CLANG_WARN_QUOTED_INCLUDE_IN_FRAMEWORK_HEADER = YES;
				CLANG_WARN_RANGE_LOOP_ANALYSIS = YES;
				CLANG_WARN_STRICT_PROTOTYPES = YES;
				CLANG_WARN_SUSPICIOUS_MOVE = YES;
				CLANG_WARN_UNGUARDED_AVAILABILITY = YES_AGGRESSIVE;
				CLANG_WARN_UNREACHABLE_CODE = YES;
				CLANG_WARN__DUPLICATE_METHOD_MATCH = YES;
				COPY_PHASE_STRIP = NO;
				DEBUG_INFORMATION_FORMAT = dwarf;
				ENABLE_STRICT_OBJC_MSGSEND = YES;
				ENABLE_TESTABILITY = YES;
				ENABLE_USER_SCRIPT_SANDBOXING = YES;
				GCC_C_LANGUAGE_STANDARD = gnu17;
				GCC_DYNAMIC_NO_PIC = NO;
				GCC_NO_COMMON_BLOCKS = YES;
				GCC_OPTIMIZATION_LEVEL = 0;
				GCC_PREPROCESSOR_DEFINITIONS = (
					"DEBUG=1",
					"$(inherited)",
				);
				GCC_WARN_64_TO_32_BIT_CONVERSION = YES;
				GCC_WARN_ABOUT_RETURN_TYPE = YES_ERROR;
				GCC_WARN_UNDECLARED_SELECTOR = YES;
				GCC_WARN_UNINITIALIZED_AUTOS = YES_AGGRESSIVE;
				GCC_WARN_UNUSED_FUNCTION = YES;
				GCC_WARN_UNUSED_VARIABLE = YES;
				LOCALIZATION_PREFERS_STRING_CATALOGS = YES;
				MACOSX_DEPLOYMENT_TARGET = 15.5;
				MTL_ENABLE_DEBUG_INFO = INCLUDE_SOURCE;
				MTL_FAST_MATH = YES;
				ONLY_ACTIVE_ARCH = YES;
				SDKROOT = macosx;
				SWIFT_ACTIVE_COMPILATION_CONDITIONS = "DEBUG $(inherited)";
				SWIFT_OPTIMIZATION_LEVEL = "-Onone";
			};
			name = Debug;
		};
		3C2F6B232EB3EA0A001C2DD7 /* Release */ = {
			isa = XCBuildConfiguration;
			buildSettings = {
				ALWAYS_SEARCH_USER_PATHS = NO;
				ASSETCATALOG_COMPILER_GENERATE_SWIFT_ASSET_SYMBOL_EXTENSIONS = YES;
				CLANG_ANALYZER_NONNULL = YES;
				CLANG_ANALYZER_NUMBER_OBJECT_CONVERSION = YES_AGGRESSIVE;
				CLANG_CXX_LANGUAGE_STANDARD = "gnu++20";
				CLANG_ENABLE_MODULES = YES;
				CLANG_ENABLE_OBJC_ARC = YES;
				CLANG_ENABLE_OBJC_WEAK = YES;
				CLANG_WARN_BLOCK_CAPTURE_AUTORELEASING = YES;
				CLANG_WARN_BOOL_CONVERSION = YES;
				CLANG_WARN_COMMA = YES;
				CLANG_WARN_CONSTANT_CONVERSION = YES;
				CLANG_WARN_DEPRECATED_OBJC_IMPLEMENTATIONS = YES;
				CLANG_WARN_DIRECT_OBJC_ISA_USAGE = YES_ERROR;
				CLANG_WARN_DOCUMENTATION_COMMENTS = YES;
				CLANG_WARN_EMPTY_BODY = YES;
				CLANG_WARN_ENUM_CONVERSION = YES;
				CLANG_WARN_INFINITE_RECURSION = YES;
				CLANG_WARN_INT_CONVERSION = YES;
				CLANG_WARN_NON_LITERAL_NULL_CONVERSION = YES;
				CLANG_WARN_OBJC_IMPLICIT_RETAIN_SELF = YES;
				CLANG_WARN_OBJC_LITERAL_CONVERSION = YES;
				CLANG_WARN_OBJC_ROOT_CLASS = YES_ERROR;
				CLANG_WARN_QUOTED_INCLUDE_IN_FRAMEWORK_HEADER = YES;
				CLANG_WARN_RANGE_LOOP_ANALYSIS = YES;
				CLANG_WARN_STRICT_PROTOTYPES = YES;
				CLANG_WARN_SUSPICIOUS_MOVE = YES;
				CLANG_WARN_UNGUARDED_AVAILABILITY = YES_AGGRESSIVE;
				CLANG_WARN_UNREACHABLE_CODE = YES;
				CLANG_WARN__DUPLICATE_METHOD_MATCH = YES;
				COPY_PHASE_STRIP = NO;
				DEBUG_INFORMATION_FORMAT = "dwarf-with-dsym";
				ENABLE_NS_ASSERTIONS = NO;
				ENABLE_STRICT_OBJC_MSGSEND = YES;
				ENABLE_USER_SCRIPT_SANDBOXING = YES;
				GCC_C_LANGUAGE_STANDARD = gnu17;
				GCC_NO_COMMON_BLOCKS = YES;
				GCC_WARN_64_TO_32_BIT_CONVERSION = YES;
				GCC_WARN_ABOUT_RETURN_TYPE = YES_ERROR;
				GCC_WARN_UNDECLARED_SELECTOR = YES;
				GCC_WARN_UNINITIALIZED_AUTOS = YES_AGGRESSIVE;
				GCC_WARN_UNUSED_FUNCTION = YES;
				GCC_WARN_UNUSED_VARIABLE = YES;
				LOCALIZATION_PREFERS_STRING_CATALOGS = YES;
				MACOSX_DEPLOYMENT_TARGET = 15.5;
				MTL_ENABLE_DEBUG_INFO = NO;
				MTL_FAST_MATH = YES;
				SDKROOT = macosx;
				SWIFT_COMPILATION_MODE = wholemodule;
			};
			name = Release;
		};
		3C2F6B252EB3EA0A001C2DD7 /* Debug */ = {
			isa = XCBuildConfiguration;
			buildSettings = {
				ASSETCATALOG_COMPILER_APPICON_NAME = AppIcon;
				ASSETCATALOG_COMPILER_GLOBAL_ACCENT_COLOR_NAME = AccentColor;
				CODE_SIGN_ENTITLEMENTS = Omni/Omni.entitlements;
				CODE_SIGN_STYLE = Automatic;
				COMBINE_HIDPI_IMAGES = YES;
				CURRENT_PROJECT_VERSION = 1;
				ENABLE_PREVIEWS = YES;
				GENERATE_INFOPLIST_FILE = YES;
				INFOPLIST_KEY_NSHumanReadableCopyright = "";
				LD_RUNPATH_SEARCH_PATHS = (
					"$(inherited)",
					"@executable_path/../Frameworks",
				);
				MARKETING_VERSION = 1.0;
				PRODUCT_BUNDLE_IDENTIFIER = com.bryanparreira.Omni;
				PRODUCT_NAME = "$(TARGET_NAME)";
				REGISTER_APP_GROUPS = YES;
				SWIFT_EMIT_LOC_STRINGS = YES;
				SWIFT_VERSION = 5.0;
			};
			name = Debug;
		};
		3C2F6B262EB3EA0A001C2DD7 /* Release */ = {
			isa = XCBuildConfiguration;
			buildSettings = {
				ASSETCATALOG_COMPILER_APPICON_NAME = AppIcon;
				ASSETCATALOG_COMPILER_GLOBAL_ACCENT_COLOR_NAME = AccentColor;
				CODE_SIGN_ENTITLEMENTS = Omni/Omni.entitlements;
				CODE_SIGN_STYLE = Automatic;
				COMBINE_HIDPI_IMAGES = YES;
				CURRENT_PROJECT_VERSION = 1;
				ENABLE_PREVIEWS = YES;
				GENERATE_INFOPLIST_FILE = YES;
				INFOPLIST_KEY_NSHumanReadableCopyright = "";
				LD_RUNPATH_SEARCH_PATHS = (
					"$(inherited)",
					"@executable_path/../Frameworks",
				);
				MARKETING_VERSION = 1.0;
				PRODUCT_BUNDLE_IDENTIFIER = com.bryanparreira.Omni;
				PRODUCT_NAME = "$(TARGET_NAME)";
				REGISTER_APP_GROUPS = YES;
				SWIFT_EMIT_LOC_STRINGS = YES;
				SWIFT_VERSION = 5.0;
			};
			name = Release;
		};
		3C2F6B282EB3EA0A001C2DD7 /* Debug */ = {
			isa = XCBuildConfiguration;
			buildSettings = {
				BUNDLE_LOADER = "$(TEST_HOST)";
				CODE_SIGN_STYLE = Automatic;
				CURRENT_PROJECT_VERSION = 1;
				GENERATE_INFOPLIST_FILE = YES;
				MACOSX_DEPLOYMENT_TARGET = 15.5;
				MARKETING_VERSION = 1.0;
				PRODUCT_BUNDLE_IDENTIFIER = com.bryanparreira.OmniTests;
				PRODUCT_NAME = "$(TARGET_NAME)";
				SWIFT_EMIT_LOC_STRINGS = NO;
				SWIFT_VERSION = 5.0;
				TEST_HOST = "$(BUILT_PRODUCTS_DIR)/Omni.app/$(BUNDLE_EXECUTABLE_FOLDER_PATH)/Omni";
			};
			name = Debug;
		};
		3C2F6B292EB3EA0A001C2DD7 /* Release */ = {
			isa = XCBuildConfiguration;
			buildSettings = {
				BUNDLE_LOADER = "$(TEST_HOST)";
				CODE_SIGN_STYLE = Automatic;
				CURRENT_PROJECT_VERSION = 1;
				GENERATE_INFOPLIST_FILE = YES;
				MACOSX_DEPLOYMENT_TARGET = 15.5;
				MARKETING_VERSION = 1.0;
				PRODUCT_BUNDLE_IDENTIFIER = com.bryanparreira.OmniTests;
				PRODUCT_NAME = "$(TARGET_NAME)";
				SWIFT_EMIT_LOC_STRINGS = NO;
				SWIFT_VERSION = 5.0;
				TEST_HOST = "$(BUILT_PRODUCTS_DIR)/Omni.app/$(BUNDLE_EXECUTABLE_FOLDER_PATH)/Omni";
			};
			name = Release;
		};
		3C2F6B2B2EB3EA0A001C2DD7 /* Debug */ = {
			isa = XCBuildConfiguration;
			buildSettings = {
				CODE_SIGN_STYLE = Automatic;
				CURRENT_PROJECT_VERSION = 1;
				GENERATE_INFOPLIST_FILE = YES;
				MARKETING_VERSION = 1.0;
				PRODUCT_BUNDLE_IDENTIFIER = com.bryanparreira.OmniUITests;
				PRODUCT_NAME = "$(TARGET_NAME)";
				SWIFT_EMIT_LOC_STRINGS = NO;
				SWIFT_VERSION = 5.0;
				TEST_TARGET_NAME = Omni;
			};
			name = Debug;
		};
		3C2F6B2C2EB3EA0A001C2DD7 /* Release */ = {
			isa = XCBuildConfiguration;
			buildSettings = {
				CODE_SIGN_STYLE = Automatic;
				CURRENT_PROJECT_VERSION = 1;
				GENERATE_INFOPLIST_FILE = YES;
				MARKETING_VERSION = 1.0;
				PRODUCT_BUNDLE_IDENTIFIER = com.bryanparreira.OmniUITests;
				PRODUCT_NAME = "$(TARGET_NAME)";
				SWIFT_EMIT_LOC_STRINGS = NO;
				SWIFT_VERSION = 5.0;
				TEST_TARGET_NAME = Omni;
			};
			name = Release;
		};
/* End XCBuildConfiguration section */

/* Begin XCConfigurationList section */
		3C2F6AFD2EB3EA09001C2DD7 /* Build configuration list for PBXProject "Omni" */ = {
			isa = XCConfigurationList;
			buildConfigurations = (
				3C2F6B222EB3EA0A001C2DD7 /* Debug */,
				3C2F6B232EB3EA0A001C2DD7 /* Release */,
			);
			defaultConfigurationIsVisible = 0;
			defaultConfigurationName = Release;
		};
		3C2F6B242EB3EA0A001C2DD7 /* Build configuration list for PBXNativeTarget "Omni" */ = {
			isa = XCConfigurationList;
			buildConfigurations = (
				3C2F6B252EB3EA0A001C2DD7 /* Debug */,
				3C2F6B262EB3EA0A001C2DD7 /* Release */,
			);
			defaultConfigurationIsVisible = 0;
			defaultConfigurationName = Release;
		};
		3C2F6B272EB3EA0A001C2DD7 /* Build configuration list for PBXNativeTarget "OmniTests" */ = {
			isa = XCConfigurationList;
			buildConfigurations = (
				3C2F6B282EB3EA0A001C2DD7 /* Debug */,
				3C2F6B292EB3EA0A001C2DD7 /* Release */,
			);
			defaultConfigurationIsVisible = 0;
			defaultConfigurationName = Release;
		};
		3C2F6B2A2EB3EA0A001C2DD7 /* Build configuration list for PBXNativeTarget "OmniUITests" */ = {
			isa = XCConfigurationList;
			buildConfigurations = (
				3C2F6B2B2EB3EA0A001C2DD7 /* Debug */,
				3C2F6B2C2EB3EA0A001C2DD7 /* Release */,
			);
			defaultConfigurationIsVisible = 0;
			defaultConfigurationName = Release;
		};
/* End XCConfigurationList section */
	};
	rootObject = 3C2F6AFA2EB3EA09001C2DD7 /* Project object */;
}
